dependencies:
- name: cert-manager
  repository: https://charts.jetstack.io/
  version: v0.10.1
- name: prometheus
  repository: https://prometheus-community.github.io/helm-charts
  version: 10.0.0
- name: postgresql
  repository: https://charts.bitnami.com/bitnami
  version: 8.9.4
- name: gitlab-runner
  repository: https://charts.gitlab.io/
  version: 0.24.0
- name: grafana
  repository: https://grafana.github.io/helm-charts
  version: 4.0.1
- name: redis
  repository: https://charts.bitnami.com/bitnami
  version: 10.3.4
- name: nginx-ingress
  repository: ""
  version: 3.11.1
digest: sha256:d4e89c672071c58bb14b389ba4ea35c4f6503d133f77616aa067e628265a7bee
generated: "2020-12-23T19:18:36.857033472Z"
