dependencies:
- name: cassandra
  repository: https://kubernetes-charts-incubator.storage.googleapis.com/
  version: 0.15.0
- name: elasticsearch
  repository: https://helm.elastic.co
  version: 7.6.2
- name: kafka
  repository: https://kubernetes-charts-incubator.storage.googleapis.com/
  version: 0.21.0
digest: sha256:940202ba3f070a2fbff16b99dd0709f95f4bfe53411f9d34da6657b65638f881
generated: "2020-05-04T12:59:42.265144613Z"
